// !$*UTF8*$!
{
	archiveVersion = 1;
	classes = {
	};
	objectVersion = 51;
	objects = {

/* Begin PBXBuildFile section */
		33894412FB1FB51EE5CE356E /* Pods_Instagram_InstagramUITests.framework in Frameworks */ = {isa = PBXBuildFile; fileRef = D8D64F140B0A9B70820C866A /* Pods_Instagram_InstagramUITests.framework */; };
		53D510955EBBD2061180AC0C /* Pods_InstagramTests.framework in Frameworks */ = {isa = PBXBuildFile; fileRef = 7C55FE3C5E6C6BF7D2EE4B80 /* Pods_InstagramTests.framework */; };
		660EFB7B25439B4500AF4CF7 /* LoginViewController.swift in Sources */ = {isa = PBXBuildFile; fileRef = 660EFB7A25439B4500AF4CF7 /* LoginViewController.swift */; };
		660EFB832543A1D500AF4CF7 /* FeedViewController.swift in Sources */ = {isa = PBXBuildFile; fileRef = 660EFB822543A1D500AF4CF7 /* FeedViewController.swift */; };
		660EFB882543B9AE00AF4CF7 /* CameraViewController.swift in Sources */ = {isa = PBXBuildFile; fileRef = 660EFB872543B9AE00AF4CF7 /* CameraViewController.swift */; };
		660EFBA82543D1D700AF4CF7 /* PostCell.swift in Sources */ = {isa = PBXBuildFile; fileRef = 660EFBA72543D1D700AF4CF7 /* PostCell.swift */; };
		66705CB6254370D300BB9889 /* AppDelegate.swift in Sources */ = {isa = PBXBuildFile; fileRef = 66705CB5254370D300BB9889 /* AppDelegate.swift */; };
		66705CB8254370D300BB9889 /* SceneDelegate.swift in Sources */ = {isa = PBXBuildFile; fileRef = 66705CB7254370D300BB9889 /* SceneDelegate.swift */; };
		66705CBA254370D300BB9889 /* ViewController.swift in Sources */ = {isa = PBXBuildFile; fileRef = 66705CB9254370D300BB9889 /* ViewController.swift */; };
		66705CBD254370D300BB9889 /* Main.storyboard in Resources */ = {isa = PBXBuildFile; fileRef = 66705CBB254370D300BB9889 /* Main.storyboard */; };
		66705CBF254370D500BB9889 /* Assets.xcassets in Resources */ = {isa = PBXBuildFile; fileRef = 66705CBE254370D500BB9889 /* Assets.xcassets */; };
		66705CC2254370D500BB9889 /* LaunchScreen.storyboard in Resources */ = {isa = PBXBuildFile; fileRef = 66705CC0254370D500BB9889 /* LaunchScreen.storyboard */; };
		66705CCD254370D500BB9889 /* InstagramTests.swift in Sources */ = {isa = PBXBuildFile; fileRef = 66705CCC254370D500BB9889 /* InstagramTests.swift */; };
		66705CD8254370D500BB9889 /* InstagramUITests.swift in Sources */ = {isa = PBXBuildFile; fileRef = 66705CD7254370D500BB9889 /* InstagramUITests.swift */; };
		CCCCDE1A810863B3BC39F642 /* Pods_Instagram.framework in Frameworks */ = {isa = PBXBuildFile; fileRef = A547BA1381806D18E52342AF /* Pods_Instagram.framework */; };
/* End PBXBuildFile section */

/* Begin PBXContainerItemProxy section */
		66705CC9254370D500BB9889 /* PBXContainerItemProxy */ = {
			isa = PBXContainerItemProxy;
			containerPortal = 66705CAA254370D300BB9889 /* Project object */;
			proxyType = 1;
			remoteGlobalIDString = 66705CB1254370D300BB9889;
			remoteInfo = Instagram;
		};
		66705CD4254370D500BB9889 /* PBXContainerItemProxy */ = {
			isa = PBXContainerItemProxy;
			containerPortal = 66705CAA254370D300BB9889 /* Project object */;
			proxyType = 1;
			remoteGlobalIDString = 66705CB1254370D300BB9889;
			remoteInfo = Instagram;
		};
/* End PBXContainerItemProxy section */

/* Begin PBXFileReference section */
		141A5A299949B83E9432F76B /* Pods-Instagram-InstagramUITests.release.xcconfig */ = {isa = PBXFileReference; includeInIndex = 1; lastKnownFileType = text.xcconfig; name = "Pods-Instagram-InstagramUITests.release.xcconfig"; path = "Target Support Files/Pods-Instagram-InstagramUITests/Pods-Instagram-InstagramUITests.release.xcconfig"; sourceTree = "<group>"; };
		1F3615ADFA87269CE0C21026 /* Pods-InstagramTests.debug.xcconfig */ = {isa = PBXFileReference; includeInIndex = 1; lastKnownFileType = text.xcconfig; name = "Pods-InstagramTests.debug.xcconfig"; path = "Target Support Files/Pods-InstagramTests/Pods-InstagramTests.debug.xcconfig"; sourceTree = "<group>"; };
		467EFE498CF5280C07B8140E /* Pods-InstagramTests.release.xcconfig */ = {isa = PBXFileReference; includeInIndex = 1; lastKnownFileType = text.xcconfig; name = "Pods-InstagramTests.release.xcconfig"; path = "Target Support Files/Pods-InstagramTests/Pods-InstagramTests.release.xcconfig"; sourceTree = "<group>"; };
		660EFB7A25439B4500AF4CF7 /* LoginViewController.swift */ = {isa = PBXFileReference; lastKnownFileType = sourcecode.swift; path = LoginViewController.swift; sourceTree = "<group>"; };
		660EFB822543A1D500AF4CF7 /* FeedViewController.swift */ = {isa = PBXFileReference; lastKnownFileType = sourcecode.swift; path = FeedViewController.swift; sourceTree = "<group>"; };
		660EFB872543B9AE00AF4CF7 /* CameraViewController.swift */ = {isa = PBXFileReference; lastKnownFileType = sourcecode.swift; path = CameraViewController.swift; sourceTree = "<group>"; };
		660EFBA72543D1D700AF4CF7 /* PostCell.swift */ = {isa = PBXFileReference; lastKnownFileType = sourcecode.swift; path = PostCell.swift; sourceTree = "<group>"; };
		66705CB2254370D300BB9889 /* Instagram.app */ = {isa = PBXFileReference; explicitFileType = wrapper.application; includeInIndex = 0; path = Instagram.app; sourceTree = BUILT_PRODUCTS_DIR; };
		66705CB5254370D300BB9889 /* AppDelegate.swift */ = {isa = PBXFileReference; lastKnownFileType = sourcecode.swift; path = AppDelegate.swift; sourceTree = "<group>"; };
		66705CB7254370D300BB9889 /* SceneDelegate.swift */ = {isa = PBXFileReference; lastKnownFileType = sourcecode.swift; path = SceneDelegate.swift; sourceTree = "<group>"; };
		66705CB9254370D300BB9889 /* ViewController.swift */ = {isa = PBXFileReference; lastKnownFileType = sourcecode.swift; path = ViewController.swift; sourceTree = "<group>"; };
		66705CBC254370D300BB9889 /* Base */ = {isa = PBXFileReference; lastKnownFileType = file.storyboard; name = Base; path = Base.lproj/Main.storyboard; sourceTree = "<group>"; };
		66705CBE254370D500BB9889 /* Assets.xcassets */ = {isa = PBXFileReference; lastKnownFileType = folder.assetcatalog; path = Assets.xcassets; sourceTree = "<group>"; };
		66705CC1254370D500BB9889 /* Base */ = {isa = PBXFileReference; lastKnownFileType = file.storyboard; name = Base; path = Base.lproj/LaunchScreen.storyboard; sourceTree = "<group>"; };
		66705CC3254370D500BB9889 /* Info.plist */ = {isa = PBXFileReference; lastKnownFileType = text.plist.xml; path = Info.plist; sourceTree = "<group>"; };
		66705CC8254370D500BB9889 /* InstagramTests.xctest */ = {isa = PBXFileReference; explicitFileType = wrapper.cfbundle; includeInIndex = 0; path = InstagramTests.xctest; sourceTree = BUILT_PRODUCTS_DIR; };
		66705CCC254370D500BB9889 /* InstagramTests.swift */ = {isa = PBXFileReference; lastKnownFileType = sourcecode.swift; path = InstagramTests.swift; sourceTree = "<group>"; };
		66705CCE254370D500BB9889 /* Info.plist */ = {isa = PBXFileReference; lastKnownFileType = text.plist.xml; path = Info.plist; sourceTree = "<group>"; };
		66705CD3254370D500BB9889 /* InstagramUITests.xctest */ = {isa = PBXFileReference; explicitFileType = wrapper.cfbundle; includeInIndex = 0; path = InstagramUITests.xctest; sourceTree = BUILT_PRODUCTS_DIR; };
		66705CD7254370D500BB9889 /* InstagramUITests.swift */ = {isa = PBXFileReference; lastKnownFileType = sourcecode.swift; path = InstagramUITests.swift; sourceTree = "<group>"; };
		66705CD9254370D500BB9889 /* Info.plist */ = {isa = PBXFileReference; lastKnownFileType = text.plist.xml; path = Info.plist; sourceTree = "<group>"; };
		7628F2CE0182CA237DB5B710 /* Pods-Instagram.release.xcconfig */ = {isa = PBXFileReference; includeInIndex = 1; lastKnownFileType = text.xcconfig; name = "Pods-Instagram.release.xcconfig"; path = "Target Support Files/Pods-Instagram/Pods-Instagram.release.xcconfig"; sourceTree = "<group>"; };
		7C55FE3C5E6C6BF7D2EE4B80 /* Pods_InstagramTests.framework */ = {isa = PBXFileReference; explicitFileType = wrapper.framework; includeInIndex = 0; path = Pods_InstagramTests.framework; sourceTree = BUILT_PRODUCTS_DIR; };
		A547BA1381806D18E52342AF /* Pods_Instagram.framework */ = {isa = PBXFileReference; explicitFileType = wrapper.framework; includeInIndex = 0; path = Pods_Instagram.framework; sourceTree = BUILT_PRODUCTS_DIR; };
		D8D64F140B0A9B70820C866A /* Pods_Instagram_InstagramUITests.framework */ = {isa = PBXFileReference; explicitFileType = wrapper.framework; includeInIndex = 0; path = Pods_Instagram_InstagramUITests.framework; sourceTree = BUILT_PRODUCTS_DIR; };
		E414180735E3D867BBC46BA3 /* Pods-Instagram-InstagramUITests.debug.xcconfig */ = {isa = PBXFileReference; includeInIndex = 1; lastKnownFileType = text.xcconfig; name = "Pods-Instagram-InstagramUITests.debug.xcconfig"; path = "Target Support Files/Pods-Instagram-InstagramUITests/Pods-Instagram-InstagramUITests.debug.xcconfig"; sourceTree = "<group>"; };
		E97F5EE8D0F667BF03824AB2 /* Pods-Instagram.debug.xcconfig */ = {isa = PBXFileReference; includeInIndex = 1; lastKnownFileType = text.xcconfig; name = "Pods-Instagram.debug.xcconfig"; path = "Target Support Files/Pods-Instagram/Pods-Instagram.debug.xcconfig"; sourceTree = "<group>"; };
/* End PBXFileReference section */

/* Begin PBXFrameworksBuildPhase section */
		66705CAF254370D300BB9889 /* Frameworks */ = {
			isa = PBXFrameworksBuildPhase;
			buildActionMask = 2147483647;
			files = (
				CCCCDE1A810863B3BC39F642 /* Pods_Instagram.framework in Frameworks */,
			);
			runOnlyForDeploymentPostprocessing = 0;
		};
		66705CC5254370D500BB9889 /* Frameworks */ = {
			isa = PBXFrameworksBuildPhase;
			buildActionMask = 2147483647;
			files = (
				53D510955EBBD2061180AC0C /* Pods_InstagramTests.framework in Frameworks */,
			);
			runOnlyForDeploymentPostprocessing = 0;
		};
		66705CD0254370D500BB9889 /* Frameworks */ = {
			isa = PBXFrameworksBuildPhase;
			buildActionMask = 2147483647;
			files = (
				33894412FB1FB51EE5CE356E /* Pods_Instagram_InstagramUITests.framework in Frameworks */,
			);
			runOnlyForDeploymentPostprocessing = 0;
		};
/* End PBXFrameworksBuildPhase section */

/* Begin PBXGroup section */
		1713C8D481AECE71128408C7 /* Pods */ = {
			isa = PBXGroup;
			children = (
				E97F5EE8D0F667BF03824AB2 /* Pods-Instagram.debug.xcconfig */,
				7628F2CE0182CA237DB5B710 /* Pods-Instagram.release.xcconfig */,
				E414180735E3D867BBC46BA3 /* Pods-Instagram-InstagramUITests.debug.xcconfig */,
				141A5A299949B83E9432F76B /* Pods-Instagram-InstagramUITests.release.xcconfig */,
				1F3615ADFA87269CE0C21026 /* Pods-InstagramTests.debug.xcconfig */,
				467EFE498CF5280C07B8140E /* Pods-InstagramTests.release.xcconfig */,
			);
			path = Pods;
			sourceTree = "<group>";
		};
		66705CA9254370D300BB9889 = {
			isa = PBXGroup;
			children = (
				66705CB4254370D300BB9889 /* Instagram */,
				66705CCB254370D500BB9889 /* InstagramTests */,
				66705CD6254370D500BB9889 /* InstagramUITests */,
				66705CB3254370D300BB9889 /* Products */,
				1713C8D481AECE71128408C7 /* Pods */,
				6E112BACFDD1A01589BD7736 /* Frameworks */,
			);
			sourceTree = "<group>";
		};
		66705CB3254370D300BB9889 /* Products */ = {
			isa = PBXGroup;
			children = (
				66705CB2254370D300BB9889 /* Instagram.app */,
				66705CC8254370D500BB9889 /* InstagramTests.xctest */,
				66705CD3254370D500BB9889 /* InstagramUITests.xctest */,
			);
			name = Products;
			sourceTree = "<group>";
		};
		66705CB4254370D300BB9889 /* Instagram */ = {
			isa = PBXGroup;
			children = (
				66705CB5254370D300BB9889 /* AppDelegate.swift */,
				66705CB7254370D300BB9889 /* SceneDelegate.swift */,
				66705CB9254370D300BB9889 /* ViewController.swift */,
				660EFB7A25439B4500AF4CF7 /* LoginViewController.swift */,
				660EFB872543B9AE00AF4CF7 /* CameraViewController.swift */,
				660EFB822543A1D500AF4CF7 /* FeedViewController.swift */,
				66705CBB254370D300BB9889 /* Main.storyboard */,
				660EFBA72543D1D700AF4CF7 /* PostCell.swift */,
				66705CBE254370D500BB9889 /* Assets.xcassets */,
				66705CC0254370D500BB9889 /* LaunchScreen.storyboard */,
				66705CC3254370D500BB9889 /* Info.plist */,
			);
			path = Instagram;
			sourceTree = "<group>";
		};
		66705CCB254370D500BB9889 /* InstagramTests */ = {
			isa = PBXGroup;
			children = (
				66705CCC254370D500BB9889 /* InstagramTests.swift */,
				66705CCE254370D500BB9889 /* Info.plist */,
			);
			path = InstagramTests;
			sourceTree = "<group>";
		};
		66705CD6254370D500BB9889 /* InstagramUITests */ = {
			isa = PBXGroup;
			children = (
				66705CD7254370D500BB9889 /* InstagramUITests.swift */,
				66705CD9254370D500BB9889 /* Info.plist */,
			);
			path = InstagramUITests;
			sourceTree = "<group>";
		};
		6E112BACFDD1A01589BD7736 /* Frameworks */ = {
			isa = PBXGroup;
			children = (
				A547BA1381806D18E52342AF /* Pods_Instagram.framework */,
				D8D64F140B0A9B70820C866A /* Pods_Instagram_InstagramUITests.framework */,
				7C55FE3C5E6C6BF7D2EE4B80 /* Pods_InstagramTests.framework */,
			);
			name = Frameworks;
			sourceTree = "<group>";
		};
/* End PBXGroup section */

/* Begin PBXNativeTarget section */
		66705CB1254370D300BB9889 /* Instagram */ = {
			isa = PBXNativeTarget;
			buildConfigurationList = 66705CDC254370D500BB9889 /* Build configuration list for PBXNativeTarget "Instagram" */;
			buildPhases = (
				A02B408912405DFEC410B962 /* [CP] Check Pods Manifest.lock */,
				66705CAE254370D300BB9889 /* Sources */,
				66705CAF254370D300BB9889 /* Frameworks */,
				66705CB0254370D300BB9889 /* Resources */,
				BCAC24E489E9E30DD333A92B /* [CP] Embed Pods Frameworks */,
			);
			buildRules = (
			);
			dependencies = (
			);
			name = Instagram;
			productName = Instagram;
			productReference = 66705CB2254370D300BB9889 /* Instagram.app */;
			productType = "com.apple.product-type.application";
		};
		66705CC7254370D500BB9889 /* InstagramTests */ = {
			isa = PBXNativeTarget;
			buildConfigurationList = 66705CDF254370D500BB9889 /* Build configuration list for PBXNativeTarget "InstagramTests" */;
			buildPhases = (
				F67A4682D51BCF589741BACC /* [CP] Check Pods Manifest.lock */,
				66705CC4254370D500BB9889 /* Sources */,
				66705CC5254370D500BB9889 /* Frameworks */,
				66705CC6254370D500BB9889 /* Resources */,
			);
			buildRules = (
			);
			dependencies = (
				66705CCA254370D500BB9889 /* PBXTargetDependency */,
			);
			name = InstagramTests;
			productName = InstagramTests;
			productReference = 66705CC8254370D500BB9889 /* InstagramTests.xctest */;
			productType = "com.apple.product-type.bundle.unit-test";
		};
		66705CD2254370D500BB9889 /* InstagramUITests */ = {
			isa = PBXNativeTarget;
			buildConfigurationList = 66705CE2254370D500BB9889 /* Build configuration list for PBXNativeTarget "InstagramUITests" */;
			buildPhases = (
				13F2260D49A5AC806982E006 /* [CP] Check Pods Manifest.lock */,
				66705CCF254370D500BB9889 /* Sources */,
				66705CD0254370D500BB9889 /* Frameworks */,
				66705CD1254370D500BB9889 /* Resources */,
				07AB7F321BB988C4439279E3 /* [CP] Embed Pods Frameworks */,
			);
			buildRules = (
			);
			dependencies = (
				66705CD5254370D500BB9889 /* PBXTargetDependency */,
			);
			name = InstagramUITests;
			productName = InstagramUITests;
			productReference = 66705CD3254370D500BB9889 /* InstagramUITests.xctest */;
			productType = "com.apple.product-type.bundle.ui-testing";
		};
/* End PBXNativeTarget section */

/* Begin PBXProject section */
		66705CAA254370D300BB9889 /* Project object */ = {
			isa = PBXProject;
			attributes = {
				LastSwiftUpdateCheck = 1200;
				LastUpgradeCheck = 1200;
				TargetAttributes = {
					66705CB1254370D300BB9889 = {
						CreatedOnToolsVersion = 12.0.1;
					};
					66705CC7254370D500BB9889 = {
						CreatedOnToolsVersion = 12.0.1;
						TestTargetID = 66705CB1254370D300BB9889;
					};
					66705CD2254370D500BB9889 = {
						CreatedOnToolsVersion = 12.0.1;
						TestTargetID = 66705CB1254370D300BB9889;
					};
				};
			};
			buildConfigurationList = 66705CAD254370D300BB9889 /* Build configuration list for PBXProject "Instagram" */;
			compatibilityVersion = "Xcode 9.3";
			developmentRegion = en;
			hasScannedForEncodings = 0;
			knownRegions = (
				en,
				Base,
			);
			mainGroup = 66705CA9254370D300BB9889;
			productRefGroup = 66705CB3254370D300BB9889 /* Products */;
			projectDirPath = "";
			projectRoot = "";
			targets = (
				66705CB1254370D300BB9889 /* Instagram */,
				66705CC7254370D500BB9889 /* InstagramTests */,
				66705CD2254370D500BB9889 /* InstagramUITests */,
			);
		};
/* End PBXProject section */

/* Begin PBXResourcesBuildPhase section */
		66705CB0254370D300BB9889 /* Resources */ = {
			isa = PBXResourcesBuildPhase;
			buildActionMask = 2147483647;
			files = (
				66705CC2254370D500BB9889 /* LaunchScreen.storyboard in Resources */,
				66705CBF254370D500BB9889 /* Assets.xcassets in Resources */,
				66705CBD254370D300BB9889 /* Main.storyboard in Resources */,
			);
			runOnlyForDeploymentPostprocessing = 0;
		};
		66705CC6254370D500BB9889 /* Resources */ = {
			isa = PBXResourcesBuildPhase;
			buildActionMask = 2147483647;
			files = (
			);
			runOnlyForDeploymentPostprocessing = 0;
		};
		66705CD1254370D500BB9889 /* Resources */ = {
			isa = PBXResourcesBuildPhase;
			buildActionMask = 2147483647;
			files = (
			);
			runOnlyForDeploymentPostprocessing = 0;
		};
/* End PBXResourcesBuildPhase section */

/* Begin PBXShellScriptBuildPhase section */
		07AB7F321BB988C4439279E3 /* [CP] Embed Pods Frameworks */ = {
			isa = PBXShellScriptBuildPhase;
			buildActionMask = 2147483647;
			files = (
			);
			inputFileListPaths = (
				"${PODS_ROOT}/Target Support Files/Pods-Instagram-InstagramUITests/Pods-Instagram-InstagramUITests-frameworks-${CONFIGURATION}-input-files.xcfilelist",
			);
			name = "[CP] Embed Pods Frameworks";
			outputFileListPaths = (
				"${PODS_ROOT}/Target Support Files/Pods-Instagram-InstagramUITests/Pods-Instagram-InstagramUITests-frameworks-${CONFIGURATION}-output-files.xcfilelist",
			);
			runOnlyForDeploymentPostprocessing = 0;
			shellPath = /bin/sh;
			shellScript = "\"${PODS_ROOT}/Target Support Files/Pods-Instagram-InstagramUITests/Pods-Instagram-InstagramUITests-frameworks.sh\"\n";
			showEnvVarsInLog = 0;
		};
		13F2260D49A5AC806982E006 /* [CP] Check Pods Manifest.lock */ = {
			isa = PBXShellScriptBuildPhase;
			buildActionMask = 2147483647;
			files = (
			);
			inputFileListPaths = (
			);
			inputPaths = (
				"${PODS_PODFILE_DIR_PATH}/Podfile.lock",
				"${PODS_ROOT}/Manifest.lock",
			);
			name = "[CP] Check Pods Manifest.lock";
			outputFileListPaths = (
			);
			outputPaths = (
				"$(DERIVED_FILE_DIR)/Pods-Instagram-InstagramUITests-checkManifestLockResult.txt",
			);
			runOnlyForDeploymentPostprocessing = 0;
			shellPath = /bin/sh;
			shellScript = "diff \"${PODS_PODFILE_DIR_PATH}/Podfile.lock\" \"${PODS_ROOT}/Manifest.lock\" > /dev/null\nif [ $? != 0 ] ; then\n    # print error to STDERR\n    echo \"error: The sandbox is not in sync with the Podfile.lock. Run 'pod install' or update your CocoaPods installation.\" >&2\n    exit 1\nfi\n# This output is used by Xcode 'outputs' to avoid re-running this script phase.\necho \"SUCCESS\" > \"${SCRIPT_OUTPUT_FILE_0}\"\n";
			showEnvVarsInLog = 0;
		};
		A02B408912405DFEC410B962 /* [CP] Check Pods Manifest.lock */ = {
			isa = PBXShellScriptBuildPhase;
			buildActionMask = 2147483647;
			files = (
			);
			inputFileListPaths = (
			);
			inputPaths = (
				"${PODS_PODFILE_DIR_PATH}/Podfile.lock",
				"${PODS_ROOT}/Manifest.lock",
			);
			name = "[CP] Check Pods Manifest.lock";
			outputFileListPaths = (
			);
			outputPaths = (
				"$(DERIVED_FILE_DIR)/Pods-Instagram-checkManifestLockResult.txt",
			);
			runOnlyForDeploymentPostprocessing = 0;
			shellPath = /bin/sh;
			shellScript = "diff \"${PODS_PODFILE_DIR_PATH}/Podfile.lock\" \"${PODS_ROOT}/Manifest.lock\" > /dev/null\nif [ $? != 0 ] ; then\n    # print error to STDERR\n    echo \"error: The sandbox is not in sync with the Podfile.lock. Run 'pod install' or update your CocoaPods installation.\" >&2\n    exit 1\nfi\n# This output is used by Xcode 'outputs' to avoid re-running this script phase.\necho \"SUCCESS\" > \"${SCRIPT_OUTPUT_FILE_0}\"\n";
			showEnvVarsInLog = 0;
		};
		BCAC24E489E9E30DD333A92B /* [CP] Embed Pods Frameworks */ = {
			isa = PBXShellScriptBuildPhase;
			buildActionMask = 2147483647;
			files = (
			);
			inputFileListPaths = (
				"${PODS_ROOT}/Target Support Files/Pods-Instagram/Pods-Instagram-frameworks-${CONFIGURATION}-input-files.xcfilelist",
			);
			name = "[CP] Embed Pods Frameworks";
			outputFileListPaths = (
				"${PODS_ROOT}/Target Support Files/Pods-Instagram/Pods-Instagram-frameworks-${CONFIGURATION}-output-files.xcfilelist",
			);
			runOnlyForDeploymentPostprocessing = 0;
			shellPath = /bin/sh;
			shellScript = "\"${PODS_ROOT}/Target Support Files/Pods-Instagram/Pods-Instagram-frameworks.sh\"\n";
			showEnvVarsInLog = 0;
		};
		F67A4682D51BCF589741BACC /* [CP] Check Pods Manifest.lock */ = {
			isa = PBXShellScriptBuildPhase;
			buildActionMask = 2147483647;
			files = (
			);
			inputFileListPaths = (
			);
			inputPaths = (
				"${PODS_PODFILE_DIR_PATH}/Podfile.lock",
				"${PODS_ROOT}/Manifest.lock",
			);
			name = "[CP] Check Pods Manifest.lock";
			outputFileListPaths = (
			);
			outputPaths = (
				"$(DERIVED_FILE_DIR)/Pods-InstagramTests-checkManifestLockResult.txt",
			);
			runOnlyForDeploymentPostprocessing = 0;
			shellPath = /bin/sh;
			shellScript = "diff \"${PODS_PODFILE_DIR_PATH}/Podfile.lock\" \"${PODS_ROOT}/Manifest.lock\" > /dev/null\nif [ $? != 0 ] ; then\n    # print error to STDERR\n    echo \"error: The sandbox is not in sync with the Podfile.lock. Run 'pod install' or update your CocoaPods installation.\" >&2\n    exit 1\nfi\n# This output is used by Xcode 'outputs' to avoid re-running this script phase.\necho \"SUCCESS\" > \"${SCRIPT_OUTPUT_FILE_0}\"\n";
			showEnvVarsInLog = 0;
		};
/* End PBXShellScriptBuildPhase section */

/* Begin PBXSourcesBuildPhase section */
		66705CAE254370D300BB9889 /* Sources */ = {
			isa = PBXSourcesBuildPhase;
			buildActionMask = 2147483647;
			files = (
				660EFBA82543D1D700AF4CF7 /* PostCell.swift in Sources */,
				660EFB7B25439B4500AF4CF7 /* LoginViewController.swift in Sources */,
				66705CBA254370D300BB9889 /* ViewController.swift in Sources */,
				660EFB832543A1D500AF4CF7 /* FeedViewController.swift in Sources */,
				66705CB6254370D300BB9889 /* AppDelegate.swift in Sources */,
				66705CB8254370D300BB9889 /* SceneDelegate.swift in Sources */,
				660EFB882543B9AE00AF4CF7 /* CameraViewController.swift in Sources */,
			);
			runOnlyForDeploymentPostprocessing = 0;
		};
		66705CC4254370D500BB9889 /* Sources */ = {
			isa = PBXSourcesBuildPhase;
			buildActionMask = 2147483647;
			files = (
				66705CCD254370D500BB9889 /* InstagramTests.swift in Sources */,
			);
			runOnlyForDeploymentPostprocessing = 0;
		};
		66705CCF254370D500BB9889 /* Sources */ = {
			isa = PBXSourcesBuildPhase;
			buildActionMask = 2147483647;
			files = (
				66705CD8254370D500BB9889 /* InstagramUITests.swift in Sources */,
			);
			runOnlyForDeploymentPostprocessing = 0;
		};
/* End PBXSourcesBuildPhase section */

/* Begin PBXTargetDependency section */
		66705CCA254370D500BB9889 /* PBXTargetDependency */ = {
			isa = PBXTargetDependency;
			target = 66705CB1254370D300BB9889 /* Instagram */;
			targetProxy = 66705CC9254370D500BB9889 /* PBXContainerItemProxy */;
		};
		66705CD5254370D500BB9889 /* PBXTargetDependency */ = {
			isa = PBXTargetDependency;
			target = 66705CB1254370D300BB9889 /* Instagram */;
			targetProxy = 66705CD4254370D500BB9889 /* PBXContainerItemProxy */;
		};
/* End PBXTargetDependency section */

/* Begin PBXVariantGroup section */
		66705CBB254370D300BB9889 /* Main.storyboard */ = {
			isa = PBXVariantGroup;
			children = (
				66705CBC254370D300BB9889 /* Base */,
			);
			name = Main.storyboard;
			sourceTree = "<group>";
		};
		66705CC0254370D500BB9889 /* LaunchScreen.storyboard */ = {
			isa = PBXVariantGroup;
			children = (
				66705CC1254370D500BB9889 /* Base */,
			);
			name = LaunchScreen.storyboard;
			sourceTree = "<group>";
		};
/* End PBXVariantGroup section */

/* Begin XCBuildConfiguration section */
		66705CDA254370D500BB9889 /* Debug */ = {
			isa = XCBuildConfiguration;
			buildSettings = {
				ALWAYS_SEARCH_USER_PATHS = NO;
				CLANG_ANALYZER_NONNULL = YES;
				CLANG_ANALYZER_NUMBER_OBJECT_CONVERSION = YES_AGGRESSIVE;
				CLANG_CXX_LANGUAGE_STANDARD = "gnu++14";
				CLANG_CXX_LIBRARY = "libc++";
				CLANG_ENABLE_MODULES = YES;
				CLANG_ENABLE_OBJC_ARC = YES;
				CLANG_ENABLE_OBJC_WEAK = YES;
				CLANG_WARN_BLOCK_CAPTURE_AUTORELEASING = YES;
				CLANG_WARN_BOOL_CONVERSION = YES;
				CLANG_WARN_COMMA = YES;
				CLANG_WARN_CONSTANT_CONVERSION = YES;
				CLANG_WARN_DEPRECATED_OBJC_IMPLEMENTATIONS = YES;
				CLANG_WARN_DIRECT_OBJC_ISA_USAGE = YES_ERROR;
				CLANG_WARN_DOCUMENTATION_COMMENTS = YES;
				CLANG_WARN_EMPTY_BODY = YES;
				CLANG_WARN_ENUM_CONVERSION = YES;
				CLANG_WARN_INFINITE_RECURSION = YES;
				CLANG_WARN_INT_CONVERSION = YES;
				CLANG_WARN_NON_LITERAL_NULL_CONVERSION = YES;
				CLANG_WARN_OBJC_IMPLICIT_RETAIN_SELF = YES;
				CLANG_WARN_OBJC_LITERAL_CONVERSION = YES;
				CLANG_WARN_OBJC_ROOT_CLASS = YES_ERROR;
				CLANG_WARN_QUOTED_INCLUDE_IN_FRAMEWORK_HEADER = YES;
				CLANG_WARN_RANGE_LOOP_ANALYSIS = YES;
				CLANG_WARN_STRICT_PROTOTYPES = YES;
				CLANG_WARN_SUSPICIOUS_MOVE = YES;
				CLANG_WARN_UNGUARDED_AVAILABILITY = YES_AGGRESSIVE;
				CLANG_WARN_UNREACHABLE_CODE = YES;
				CLANG_WARN__DUPLICATE_METHOD_MATCH = YES;
				COPY_PHASE_STRIP = NO;
				DEBUG_INFORMATION_FORMAT = dwarf;
				ENABLE_STRICT_OBJC_MSGSEND = YES;
				ENABLE_TESTABILITY = YES;
				GCC_C_LANGUAGE_STANDARD = gnu11;
				GCC_DYNAMIC_NO_PIC = NO;
				GCC_NO_COMMON_BLOCKS = YES;
				GCC_OPTIMIZATION_LEVEL = 0;
				GCC_PREPROCESSOR_DEFINITIONS = (
					"DEBUG=1",
					"$(inherited)",
				);
				GCC_WARN_64_TO_32_BIT_CONVERSION = YES;
				GCC_WARN_ABOUT_RETURN_TYPE = YES_ERROR;
				GCC_WARN_UNDECLARED_SELECTOR = YES;
				GCC_WARN_UNINITIALIZED_AUTOS = YES_AGGRESSIVE;
				GCC_WARN_UNUSED_FUNCTION = YES;
				GCC_WARN_UNUSED_VARIABLE = YES;
				IPHONEOS_DEPLOYMENT_TARGET = 14.0;
				MTL_ENABLE_DEBUG_INFO = INCLUDE_SOURCE;
				MTL_FAST_MATH = YES;
				ONLY_ACTIVE_ARCH = YES;
				SDKROOT = iphoneos;
				SWIFT_ACTIVE_COMPILATION_CONDITIONS = DEBUG;
				SWIFT_OPTIMIZATION_LEVEL = "-Onone";
			};
			name = Debug;
		};
		66705CDB254370D500BB9889 /* Release */ = {
			isa = XCBuildConfiguration;
			buildSettings = {
				ALWAYS_SEARCH_USER_PATHS = NO;
				CLANG_ANALYZER_NONNULL = YES;
				CLANG_ANALYZER_NUMBER_OBJECT_CONVERSION = YES_AGGRESSIVE;
				CLANG_CXX_LANGUAGE_STANDARD = "gnu++14";
				CLANG_CXX_LIBRARY = "libc++";
				CLANG_ENABLE_MODULES = YES;
				CLANG_ENABLE_OBJC_ARC = YES;
				CLANG_ENABLE_OBJC_WEAK = YES;
				CLANG_WARN_BLOCK_CAPTURE_AUTORELEASING = YES;
				CLANG_WARN_BOOL_CONVERSION = YES;
				CLANG_WARN_COMMA = YES;
				CLANG_WARN_CONSTANT_CONVERSION = YES;
				CLANG_WARN_DEPRECATED_OBJC_IMPLEMENTATIONS = YES;
				CLANG_WARN_DIRECT_OBJC_ISA_USAGE = YES_ERROR;
				CLANG_WARN_DOCUMENTATION_COMMENTS = YES;
				CLANG_WARN_EMPTY_BODY = YES;
				CLANG_WARN_ENUM_CONVERSION = YES;
				CLANG_WARN_INFINITE_RECURSION = YES;
				CLANG_WARN_INT_CONVERSION = YES;
				CLANG_WARN_NON_LITERAL_NULL_CONVERSION = YES;
				CLANG_WARN_OBJC_IMPLICIT_RETAIN_SELF = YES;
				CLANG_WARN_OBJC_LITERAL_CONVERSION = YES;
				CLANG_WARN_OBJC_ROOT_CLASS = YES_ERROR;
				CLANG_WARN_QUOTED_INCLUDE_IN_FRAMEWORK_HEADER = YES;
				CLANG_WARN_RANGE_LOOP_ANALYSIS = YES;
				CLANG_WARN_STRICT_PROTOTYPES = YES;
				CLANG_WARN_SUSPICIOUS_MOVE = YES;
				CLANG_WARN_UNGUARDED_AVAILABILITY = YES_AGGRESSIVE;
				CLANG_WARN_UNREACHABLE_CODE = YES;
				CLANG_WARN__DUPLICATE_METHOD_MATCH = YES;
				COPY_PHASE_STRIP = NO;
				DEBUG_INFORMATION_FORMAT = "dwarf-with-dsym";
				ENABLE_NS_ASSERTIONS = NO;
				ENABLE_STRICT_OBJC_MSGSEND = YES;
				GCC_C_LANGUAGE_STANDARD = gnu11;
				GCC_NO_COMMON_BLOCKS = YES;
				GCC_WARN_64_TO_32_BIT_CONVERSION = YES;
				GCC_WARN_ABOUT_RETURN_TYPE = YES_ERROR;
				GCC_WARN_UNDECLARED_SELECTOR = YES;
				GCC_WARN_UNINITIALIZED_AUTOS = YES_AGGRESSIVE;
				GCC_WARN_UNUSED_FUNCTION = YES;
				GCC_WARN_UNUSED_VARIABLE = YES;
				IPHONEOS_DEPLOYMENT_TARGET = 14.0;
				MTL_ENABLE_DEBUG_INFO = NO;
				MTL_FAST_MATH = YES;
				SDKROOT = iphoneos;
				SWIFT_COMPILATION_MODE = wholemodule;
				SWIFT_OPTIMIZATION_LEVEL = "-O";
				VALIDATE_PRODUCT = YES;
			};
			name = Release;
		};
		66705CDD254370D500BB9889 /* Debug */ = {
			isa = XCBuildConfiguration;
			baseConfigurationReference = E97F5EE8D0F667BF03824AB2 /* Pods-Instagram.debug.xcconfig */;
			buildSettings = {
				ASSETCATALOG_COMPILER_APPICON_NAME = AppIcon;
				ASSETCATALOG_COMPILER_GLOBAL_ACCENT_COLOR_NAME = AccentColor;
				CODE_SIGN_STYLE = Automatic;
				INFOPLIST_FILE = Instagram/Info.plist;
				LD_RUNPATH_SEARCH_PATHS = (
					"$(inherited)",
					"@executable_path/Frameworks",
				);
				PRODUCT_BUNDLE_IDENTIFIER = Codepath.Instagram;
				PRODUCT_NAME = "$(TARGET_NAME)";
				SWIFT_VERSION = 5.0;
				TARGETED_DEVICE_FAMILY = "1,2";
			};
			name = Debug;
		};
		66705CDE254370D500BB9889 /* Release */ = {
			isa = XCBuildConfiguration;
			baseConfigurationReference = 7628F2CE0182CA237DB5B710 /* Pods-Instagram.release.xcconfig */;
			buildSettings = {
				ASSETCATALOG_COMPILER_APPICON_NAME = AppIcon;
				ASSETCATALOG_COMPILER_GLOBAL_ACCENT_COLOR_NAME = AccentColor;
				CODE_SIGN_STYLE = Automatic;
				INFOPLIST_FILE = Instagram/Info.plist;
				LD_RUNPATH_SEARCH_PATHS = (
					"$(inherited)",
					"@executable_path/Frameworks",
				);
				PRODUCT_BUNDLE_IDENTIFIER = Codepath.Instagram;
				PRODUCT_NAME = "$(TARGET_NAME)";
				SWIFT_VERSION = 5.0;
				TARGETED_DEVICE_FAMILY = "1,2";
			};
			name = Release;
		};
		66705CE0254370D500BB9889 /* Debug */ = {
			isa = XCBuildConfiguration;
			baseConfigurationReference = 1F3615ADFA87269CE0C21026 /* Pods-InstagramTests.debug.xcconfig */;
			buildSettings = {
				ALWAYS_EMBED_SWIFT_STANDARD_LIBRARIES = YES;
				BUNDLE_LOADER = "$(TEST_HOST)";
				CODE_SIGN_STYLE = Automatic;
				INFOPLIST_FILE = InstagramTests/Info.plist;
				IPHONEOS_DEPLOYMENT_TARGET = 14.0;
				LD_RUNPATH_SEARCH_PATHS = (
					"$(inherited)",
					"@executable_path/Frameworks",
					"@loader_path/Frameworks",
				);
				PRODUCT_BUNDLE_IDENTIFIER = Codepath.InstagramTests;
				PRODUCT_NAME = "$(TARGET_NAME)";
				SWIFT_VERSION = 5.0;
				TARGETED_DEVICE_FAMILY = "1,2";
				TEST_HOST = "$(BUILT_PRODUCTS_DIR)/Instagram.app/Instagram";
			};
			name = Debug;
		};
		66705CE1254370D500BB9889 /* Release */ = {
			isa = XCBuildConfiguration;
			baseConfigurationReference = 467EFE498CF5280C07B8140E /* Pods-InstagramTests.release.xcconfig */;
			buildSettings = {
				ALWAYS_EMBED_SWIFT_STANDARD_LIBRARIES = YES;
				BUNDLE_LOADER = "$(TEST_HOST)";
				CODE_SIGN_STYLE = Automatic;
				INFOPLIST_FILE = InstagramTests/Info.plist;
				IPHONEOS_DEPLOYMENT_TARGET = 14.0;
				LD_RUNPATH_SEARCH_PATHS = (
					"$(inherited)",
					"@executable_path/Frameworks",
					"@loader_path/Frameworks",
				);
				PRODUCT_BUNDLE_IDENTIFIER = Codepath.InstagramTests;
				PRODUCT_NAME = "$(TARGET_NAME)";
				SWIFT_VERSION = 5.0;
				TARGETED_DEVICE_FAMILY = "1,2";
				TEST_HOST = "$(BUILT_PRODUCTS_DIR)/Instagram.app/Instagram";
			};
			name = Release;
		};
		66705CE3254370D500BB9889 /* Debug */ = {
			isa = XCBuildConfiguration;
			baseConfigurationReference = E414180735E3D867BBC46BA3 /* Pods-Instagram-InstagramUITests.debug.xcconfig */;
			buildSettings = {
				ALWAYS_EMBED_SWIFT_STANDARD_LIBRARIES = YES;
				CODE_SIGN_STYLE = Automatic;
				INFOPLIST_FILE = InstagramUITests/Info.plist;
				LD_RUNPATH_SEARCH_PATHS = (
					"$(inherited)",
					"@executable_path/Frameworks",
					"@loader_path/Frameworks",
				);
				PRODUCT_BUNDLE_IDENTIFIER = Codepath.InstagramUITests;
				PRODUCT_NAME = "$(TARGET_NAME)";
				SWIFT_VERSION = 5.0;
				TARGETED_DEVICE_FAMILY = "1,2";
				TEST_TARGET_NAME = Instagram;
			};
			name = Debug;
		};
		66705CE4254370D500BB9889 /* Release */ = {
			isa = XCBuildConfiguration;
			baseConfigurationReference = 141A5A299949B83E9432F76B /* Pods-Instagram-InstagramUITests.release.xcconfig */;
			buildSettings = {
				ALWAYS_EMBED_SWIFT_STANDARD_LIBRARIES = YES;
				CODE_SIGN_STYLE = Automatic;
				INFOPLIST_FILE = InstagramUITests/Info.plist;
				LD_RUNPATH_SEARCH_PATHS = (
					"$(inherited)",
					"@executable_path/Frameworks",
					"@loader_path/Frameworks",
				);
				PRODUCT_BUNDLE_IDENTIFIER = Codepath.InstagramUITests;
				PRODUCT_NAME = "$(TARGET_NAME)";
				SWIFT_VERSION = 5.0;
				TARGETED_DEVICE_FAMILY = "1,2";
				TEST_TARGET_NAME = Instagram;
			};
			name = Release;
		};
/* End XCBuildConfiguration section */

/* Begin XCConfigurationList section */
		66705CAD254370D300BB9889 /* Build configuration list for PBXProject "Instagram" */ = {
			isa = XCConfigurationList;
			buildConfigurations = (
				66705CDA254370D500BB9889 /* Debug */,
				66705CDB254370D500BB9889 /* Release */,
			);
			defaultConfigurationIsVisible = 0;
			defaultConfigurationName = Release;
		};
		66705CDC254370D500BB9889 /* Build configuration list for PBXNativeTarget "Instagram" */ = {
			isa = XCConfigurationList;
			buildConfigurations = (
				66705CDD254370D500BB9889 /* Debug */,
				66705CDE254370D500BB9889 /* Release */,
			);
			defaultConfigurationIsVisible = 0;
			defaultConfigurationName = Release;
		};
		66705CDF254370D500BB9889 /* Build configuration list for PBXNativeTarget "InstagramTests" */ = {
			isa = XCConfigurationList;
			buildConfigurations = (
				66705CE0254370D500BB9889 /* Debug */,
				66705CE1254370D500BB9889 /* Release */,
			);
			defaultConfigurationIsVisible = 0;
			defaultConfigurationName = Release;
		};
		66705CE2254370D500BB9889 /* Build configuration list for PBXNativeTarget "InstagramUITests" */ = {
			isa = XCConfigurationList;
			buildConfigurations = (
				66705CE3254370D500BB9889 /* Debug */,
				66705CE4254370D500BB9889 /* Release */,
			);
			defaultConfigurationIsVisible = 0;
			defaultConfigurationName = Release;
		};
/* End XCConfigurationList section */
	};
	rootObject = 66705CAA254370D300BB9889 /* Project object */;
}
